
Microsoft Visual Studio Solution File, Format Version 12.00
# Visual Studio Version 16
VisualStudioVersion = 16.0.30907.101
MinimumVisualStudioVersion = 10.0.40219.1
Project("{FAE04EC0-301F-11D3-BF4B-00C04F79EFBC}") = "Chrome", "Chrome\Chrome.csproj", "{3360E20B-9EA1-4201-85C2-C172180A30A7}"
EndProject
Global
	GlobalSection(SolutionConfigurationPlatforms) = preSolution
		Debug|Any CPU = Debug|Any CPU
		Release|Any CPU = Release|Any CPU
	EndGlobalSection
	GlobalSection(ProjectConfigurationPlatforms) = postSolution
		{3360E20B-9EA1-4201-85C2-C172180A30A7}.Debug|Any CPU.ActiveCfg = Debug|Any CPU
		{3360E20B-9EA1-4201-85C2-C172180A30A7}.Debug|Any CPU.Build.0 = Debug|Any CPU
		{3360E20B-9EA1-4201-85C2-C172180A30A7}.Release|Any CPU.ActiveCfg = Release|Any CPU
		{3360E20B-9EA1-4201-85C2-C172180A30A7}.Release|Any CPU.Build.0 = Release|Any CPU
	EndGlobalSection
	GlobalSection(SolutionProperties) = preSolution
		HideSolutionNode = FALSE
	EndGlobalSection
	GlobalSection(ExtensibilityGlobals) = postSolution
		SolutionGuid = {D75A2FF2-1CEB-4217-B764-9487F51B9468}
	EndGlobalSection
EndGlobal
