
Microsoft Visual Studio Solution File, Format Version 12.00
# Visual Studio Version 16
VisualStudioVersion = 16.0.30907.101
MinimumVisualStudioVersion = 10.0.40219.1
Project("{FAE04EC0-301F-11D3-BF4B-00C04F79EFBC}") = "WpfTreeView", "WpfTreeView\WpfTreeView.csproj", "{109C75E9-EEA3-4BC8-B38A-28ED9A48764C}"
EndProject
Global
	GlobalSection(SolutionConfigurationPlatforms) = preSolution
		Debug|Any CPU = Debug|Any CPU
		Release|Any CPU = Release|Any CPU
	EndGlobalSection
	GlobalSection(ProjectConfigurationPlatforms) = postSolution
		{109C75E9-EEA3-4BC8-B38A-28ED9A48764C}.Debug|Any CPU.ActiveCfg = Debug|Any CPU
		{109C75E9-EEA3-4BC8-B38A-28ED9A48764C}.Debug|Any CPU.Build.0 = Debug|Any CPU
		{109C75E9-EEA3-4BC8-B38A-28ED9A48764C}.Release|Any CPU.ActiveCfg = Release|Any CPU
		{109C75E9-EEA3-4BC8-B38A-28ED9A48764C}.Release|Any CPU.Build.0 = Release|Any CPU
	EndGlobalSection
	GlobalSection(SolutionProperties) = preSolution
		HideSolutionNode = FALSE
	EndGlobalSection
	GlobalSection(ExtensibilityGlobals) = postSolution
		SolutionGuid = {081A4911-8CE9-41FE-B468-54504D5C4D1F}
	EndGlobalSection
EndGlobal
